
Microsoft Visual Studio Solution File, Format Version 12.00
# Visual Studio 15
VisualStudioVersion = 15.0.28010.2036
MinimumVisualStudioVersion = 10.0.40219.1
Project("{FAE04EC0-301F-11D3-BF4B-00C04F79EFBC}") = "GamerEvents", "GamerEvents\GamerEvents.csproj", "{88C96B49-F34E-46AB-B859-0CC241E5E451}"
EndProject
Project("{FAE04EC0-301F-11D3-BF4B-00C04F79EFBC}") = "GamerEvents.Model", "GamerEvents.Model\GamerEvents.Model.csproj", "{C6C5818A-216A-422E-BD5C-6786A8384C50}"
EndProject
Global
	GlobalSection(SolutionConfigurationPlatforms) = preSolution
		Debug|Any CPU = Debug|Any CPU
		Release|Any CPU = Release|Any CPU
	EndGlobalSection
	GlobalSection(ProjectConfigurationPlatforms) = postSolution
		{88C96B49-F34E-46AB-B859-0CC241E5E451}.Debug|Any CPU.ActiveCfg = Debug|Any CPU
		{88C96B49-F34E-46AB-B859-0CC241E5E451}.Debug|Any CPU.Build.0 = Debug|Any CPU
		{88C96B49-F34E-46AB-B859-0CC241E5E451}.Debug|Any CPU.Deploy.0 = Debug|Any CPU
		{88C96B49-F34E-46AB-B859-0CC241E5E451}.Release|Any CPU.ActiveCfg = Release|Any CPU
		{88C96B49-F34E-46AB-B859-0CC241E5E451}.Release|Any CPU.Build.0 = Release|Any CPU
		{88C96B49-F34E-46AB-B859-0CC241E5E451}.Release|Any CPU.Deploy.0 = Release|Any CPU
		{C6C5818A-216A-422E-BD5C-6786A8384C50}.Debug|Any CPU.ActiveCfg = Debug|Any CPU
		{C6C5818A-216A-422E-BD5C-6786A8384C50}.Debug|Any CPU.Build.0 = Debug|Any CPU
		{C6C5818A-216A-422E-BD5C-6786A8384C50}.Release|Any CPU.ActiveCfg = Release|Any CPU
		{C6C5818A-216A-422E-BD5C-6786A8384C50}.Release|Any CPU.Build.0 = Release|Any CPU
	EndGlobalSection
	GlobalSection(SolutionProperties) = preSolution
		HideSolutionNode = FALSE
	EndGlobalSection
	GlobalSection(ExtensibilityGlobals) = postSolution
		SolutionGuid = {0E71A995-3170-436C-BB44-81D1933F098D}
	EndGlobalSection
EndGlobal
